
Microsoft Visual Studio Solution File, Format Version 12.00
# Visual Studio Version 17
VisualStudioVersion = 17.3.32901.215
MinimumVisualStudioVersion = 10.0.40219.1
Project("{FAE04EC0-301F-11D3-BF4B-00C04F79EFBC}") = "MagicVilla_VillaAPI", "MagicVilla_VillaAPI\MagicVilla_VillaAPI.csproj", "{C86CE7AC-85B2-47AB-9024-62426D2D054F}"
EndProject
Global
	GlobalSection(SolutionConfigurationPlatforms) = preSolution
		Debug|Any CPU = Debug|Any CPU
		Release|Any CPU = Release|Any CPU
	EndGlobalSection
	GlobalSection(ProjectConfigurationPlatforms) = postSolution
		{C86CE7AC-85B2-47AB-9024-62426D2D054F}.Debug|Any CPU.ActiveCfg = Debug|Any CPU
		{C86CE7AC-85B2-47AB-9024-62426D2D054F}.Debug|Any CPU.Build.0 = Debug|Any CPU
		{C86CE7AC-85B2-47AB-9024-62426D2D054F}.Release|Any CPU.ActiveCfg = Release|Any CPU
		{C86CE7AC-85B2-47AB-9024-62426D2D054F}.Release|Any CPU.Build.0 = Release|Any CPU
	EndGlobalSection
	GlobalSection(SolutionProperties) = preSolution
		HideSolutionNode = FALSE
	EndGlobalSection
	GlobalSection(ExtensibilityGlobals) = postSolution
		SolutionGuid = {8D65D65C-2634-448E-8E1F-E00459F79A23}
	EndGlobalSection
EndGlobal
